// !$*UTF8*$!
{
	archiveVersion = 1;
	classes = {
	};
	objectVersion = 55;
	objects = {

/* Begin PBXBuildFile section */
		0A1712AC287FAEE3007B1EFA /* SideMenu in Frameworks */ = {isa = PBXBuildFile; productRef = 0A1712AB287FAEE3007B1EFA /* SideMenu */; };
		0A1712B2287FAFCD007B1EFA /* TextFieldEffects in Frameworks */ = {isa = PBXBuildFile; productRef = 0A1712B1287FAFCD007B1EFA /* TextFieldEffects */; };
		0A1712B7287FBE42007B1EFA /* IQKeyboardManagerSwift in Frameworks */ = {isa = PBXBuildFile; productRef = 0A1712B6287FBE42007B1EFA /* IQKeyboardManagerSwift */; };
		0A1712B9287FC2D0007B1EFA /* SearchViewController.swift in Sources */ = {isa = PBXBuildFile; fileRef = 0A1712B8287FC2D0007B1EFA /* SearchViewController.swift */; };
		0A1712BF287FCF0B007B1EFA /* FSCalendar in Frameworks */ = {isa = PBXBuildFile; productRef = 0A1712BE287FCF0B007B1EFA /* FSCalendar */; };
		0A1712C12880327E007B1EFA /* Search.storyboard in Resources */ = {isa = PBXBuildFile; fileRef = 0A1712C02880327D007B1EFA /* Search.storyboard */; };
		0A1712C42880E831007B1EFA /* Transition.storyboard in Resources */ = {isa = PBXBuildFile; fileRef = 0A1712C32880E831007B1EFA /* Transition.storyboard */; };
		0A1712C62880EFC0007B1EFA /* TransitionFirstViewController.swift in Sources */ = {isa = PBXBuildFile; fileRef = 0A1712C52880EFC0007B1EFA /* TransitionFirstViewController.swift */; };
		0A1712C82880FDFA007B1EFA /* TransitionSecondViewController.swift in Sources */ = {isa = PBXBuildFile; fileRef = 0A1712C72880FDFA007B1EFA /* TransitionSecondViewController.swift */; };
		0A2B1F8C287EDCD200A71785 /* AppDelegate.swift in Sources */ = {isa = PBXBuildFile; fileRef = 0A2B1F8B287EDCD200A71785 /* AppDelegate.swift */; };
		0A2B1F8E287EDCD200A71785 /* SceneDelegate.swift in Sources */ = {isa = PBXBuildFile; fileRef = 0A2B1F8D287EDCD200A71785 /* SceneDelegate.swift */; };
		0A2B1F90287EDCD200A71785 /* ViewController.swift in Sources */ = {isa = PBXBuildFile; fileRef = 0A2B1F8F287EDCD200A71785 /* ViewController.swift */; };
		0A2B1F93287EDCD200A71785 /* Main.storyboard in Resources */ = {isa = PBXBuildFile; fileRef = 0A2B1F91287EDCD200A71785 /* Main.storyboard */; };
		0A2B1F95287EDCD600A71785 /* Assets.xcassets in Resources */ = {isa = PBXBuildFile; fileRef = 0A2B1F94287EDCD600A71785 /* Assets.xcassets */; };
		0A2B1F98287EDCD600A71785 /* LaunchScreen.storyboard in Resources */ = {isa = PBXBuildFile; fileRef = 0A2B1F96287EDCD600A71785 /* LaunchScreen.storyboard */; };
		0A2B1FA0287EEA6300A71785 /* AnniversaryCalculatorViewController.swift in Sources */ = {isa = PBXBuildFile; fileRef = 0A2B1F9F287EEA6300A71785 /* AnniversaryCalculatorViewController.swift */; };
		0ACB6FDA2881BEB700FD4E84 /* LeftMenuNavigationController.swift in Sources */ = {isa = PBXBuildFile; fileRef = 0ACB6FD92881BEB700FD4E84 /* LeftMenuNavigationController.swift */; };
/* End PBXBuildFile section */

/* Begin PBXFileReference section */
		0A1712B8287FC2D0007B1EFA /* SearchViewController.swift */ = {isa = PBXFileReference; lastKnownFileType = sourcecode.swift; path = SearchViewController.swift; sourceTree = "<group>"; };
		0A1712C02880327D007B1EFA /* Search.storyboard */ = {isa = PBXFileReference; fileEncoding = 4; lastKnownFileType = file.storyboard; path = Search.storyboard; sourceTree = "<group>"; };
		0A1712C32880E831007B1EFA /* Transition.storyboard */ = {isa = PBXFileReference; lastKnownFileType = file.storyboard; path = Transition.storyboard; sourceTree = "<group>"; };
		0A1712C52880EFC0007B1EFA /* TransitionFirstViewController.swift */ = {isa = PBXFileReference; lastKnownFileType = sourcecode.swift; path = TransitionFirstViewController.swift; sourceTree = "<group>"; };
		0A1712C72880FDFA007B1EFA /* TransitionSecondViewController.swift */ = {isa = PBXFileReference; lastKnownFileType = sourcecode.swift; path = TransitionSecondViewController.swift; sourceTree = "<group>"; };
		0A2B1F88287EDCD200A71785 /* AnniversaryCalculator.app */ = {isa = PBXFileReference; explicitFileType = wrapper.application; includeInIndex = 0; path = AnniversaryCalculator.app; sourceTree = BUILT_PRODUCTS_DIR; };
		0A2B1F8B287EDCD200A71785 /* AppDelegate.swift */ = {isa = PBXFileReference; lastKnownFileType = sourcecode.swift; path = AppDelegate.swift; sourceTree = "<group>"; };
		0A2B1F8D287EDCD200A71785 /* SceneDelegate.swift */ = {isa = PBXFileReference; lastKnownFileType = sourcecode.swift; path = SceneDelegate.swift; sourceTree = "<group>"; };
		0A2B1F8F287EDCD200A71785 /* ViewController.swift */ = {isa = PBXFileReference; lastKnownFileType = sourcecode.swift; path = ViewController.swift; sourceTree = "<group>"; };
		0A2B1F92287EDCD200A71785 /* Base */ = {isa = PBXFileReference; lastKnownFileType = file.storyboard; name = Base; path = Base.lproj/Main.storyboard; sourceTree = "<group>"; };
		0A2B1F94287EDCD600A71785 /* Assets.xcassets */ = {isa = PBXFileReference; lastKnownFileType = folder.assetcatalog; path = Assets.xcassets; sourceTree = "<group>"; };
		0A2B1F97287EDCD600A71785 /* Base */ = {isa = PBXFileReference; lastKnownFileType = file.storyboard; name = Base; path = Base.lproj/LaunchScreen.storyboard; sourceTree = "<group>"; };
		0A2B1F99287EDCD600A71785 /* Info.plist */ = {isa = PBXFileReference; lastKnownFileType = text.plist.xml; path = Info.plist; sourceTree = "<group>"; };
		0A2B1F9F287EEA6300A71785 /* AnniversaryCalculatorViewController.swift */ = {isa = PBXFileReference; lastKnownFileType = sourcecode.swift; path = AnniversaryCalculatorViewController.swift; sourceTree = "<group>"; };
		0ACB6FD92881BEB700FD4E84 /* LeftMenuNavigationController.swift */ = {isa = PBXFileReference; lastKnownFileType = sourcecode.swift; path = LeftMenuNavigationController.swift; sourceTree = "<group>"; };
/* End PBXFileReference section */

/* Begin PBXFrameworksBuildPhase section */
		0A2B1F85287EDCD200A71785 /* Frameworks */ = {
			isa = PBXFrameworksBuildPhase;
			buildActionMask = 2147483647;
			files = (
				0A1712B2287FAFCD007B1EFA /* TextFieldEffects in Frameworks */,
				0A1712BF287FCF0B007B1EFA /* FSCalendar in Frameworks */,
				0A1712B7287FBE42007B1EFA /* IQKeyboardManagerSwift in Frameworks */,
				0A1712AC287FAEE3007B1EFA /* SideMenu in Frameworks */,
			);
			runOnlyForDeploymentPostprocessing = 0;
		};
/* End PBXFrameworksBuildPhase section */

/* Begin PBXGroup section */
		0A1712C22880E814007B1EFA /* Transition */ = {
			isa = PBXGroup;
			children = (
				0A1712C32880E831007B1EFA /* Transition.storyboard */,
				0A1712C52880EFC0007B1EFA /* TransitionFirstViewController.swift */,
				0A1712C72880FDFA007B1EFA /* TransitionSecondViewController.swift */,
			);
			path = Transition;
			sourceTree = "<group>";
		};
		0A2B1F7F287EDCD100A71785 = {
			isa = PBXGroup;
			children = (
				0A2B1F8A287EDCD200A71785 /* AnniversaryCalculator */,
				0A2B1F89287EDCD200A71785 /* Products */,
			);
			sourceTree = "<group>";
		};
		0A2B1F89287EDCD200A71785 /* Products */ = {
			isa = PBXGroup;
			children = (
				0A2B1F88287EDCD200A71785 /* AnniversaryCalculator.app */,
			);
			name = Products;
			sourceTree = "<group>";
		};
		0A2B1F8A287EDCD200A71785 /* AnniversaryCalculator */ = {
			isa = PBXGroup;
			children = (
				0A1712C22880E814007B1EFA /* Transition */,
				0A1712C02880327D007B1EFA /* Search.storyboard */,
				0ACB6FD92881BEB700FD4E84 /* LeftMenuNavigationController.swift */,
				0A2B1F8B287EDCD200A71785 /* AppDelegate.swift */,
				0A2B1F8D287EDCD200A71785 /* SceneDelegate.swift */,
				0A2B1F8F287EDCD200A71785 /* ViewController.swift */,
				0A2B1F9F287EEA6300A71785 /* AnniversaryCalculatorViewController.swift */,
				0A1712B8287FC2D0007B1EFA /* SearchViewController.swift */,
				0A2B1F91287EDCD200A71785 /* Main.storyboard */,
				0A2B1F94287EDCD600A71785 /* Assets.xcassets */,
				0A2B1F96287EDCD600A71785 /* LaunchScreen.storyboard */,
				0A2B1F99287EDCD600A71785 /* Info.plist */,
			);
			path = AnniversaryCalculator;
			sourceTree = "<group>";
		};
/* End PBXGroup section */

/* Begin PBXNativeTarget section */
		0A2B1F87287EDCD200A71785 /* AnniversaryCalculator */ = {
			isa = PBXNativeTarget;
			buildConfigurationList = 0A2B1F9C287EDCD600A71785 /* Build configuration list for PBXNativeTarget "AnniversaryCalculator" */;
			buildPhases = (
				0A2B1F84287EDCD200A71785 /* Sources */,
				0A2B1F85287EDCD200A71785 /* Frameworks */,
				0A2B1F86287EDCD200A71785 /* Resources */,
			);
			buildRules = (
			);
			dependencies = (
			);
			name = AnniversaryCalculator;
			packageProductDependencies = (
				0A1712AB287FAEE3007B1EFA /* SideMenu */,
				0A1712B1287FAFCD007B1EFA /* TextFieldEffects */,
				0A1712B6287FBE42007B1EFA /* IQKeyboardManagerSwift */,
				0A1712BE287FCF0B007B1EFA /* FSCalendar */,
			);
			productName = DDayCalculator;
			productReference = 0A2B1F88287EDCD200A71785 /* AnniversaryCalculator.app */;
			productType = "com.apple.product-type.application";
		};
/* End PBXNativeTarget section */

/* Begin PBXProject section */
		0A2B1F80287EDCD200A71785 /* Project object */ = {
			isa = PBXProject;
			attributes = {
				BuildIndependentTargetsInParallel = 1;
				LastSwiftUpdateCheck = 1340;
				LastUpgradeCheck = 1340;
				TargetAttributes = {
					0A2B1F87287EDCD200A71785 = {
						CreatedOnToolsVersion = 13.4.1;
					};
				};
			};
			buildConfigurationList = 0A2B1F83287EDCD200A71785 /* Build configuration list for PBXProject "AnniversaryCalculator" */;
			compatibilityVersion = "Xcode 13.0";
			developmentRegion = en;
			hasScannedForEncodings = 0;
			knownRegions = (
				en,
				Base,
			);
			mainGroup = 0A2B1F7F287EDCD100A71785;
			packageReferences = (
				0A1712AA287FAEE3007B1EFA /* XCRemoteSwiftPackageReference "SideMenu" */,
				0A1712B0287FAFCD007B1EFA /* XCRemoteSwiftPackageReference "TextFieldEffects" */,
				0A1712B5287FBE42007B1EFA /* XCRemoteSwiftPackageReference "IQKeyboardManager" */,
				0A1712BD287FCF0B007B1EFA /* XCRemoteSwiftPackageReference "FSCalendar" */,
			);
			productRefGroup = 0A2B1F89287EDCD200A71785 /* Products */;
			projectDirPath = "";
			projectRoot = "";
			targets = (
				0A2B1F87287EDCD200A71785 /* AnniversaryCalculator */,
			);
		};
/* End PBXProject section */

/* Begin PBXResourcesBuildPhase section */
		0A2B1F86287EDCD200A71785 /* Resources */ = {
			isa = PBXResourcesBuildPhase;
			buildActionMask = 2147483647;
			files = (
				0A2B1F98287EDCD600A71785 /* LaunchScreen.storyboard in Resources */,
				0A2B1F95287EDCD600A71785 /* Assets.xcassets in Resources */,
				0A2B1F93287EDCD200A71785 /* Main.storyboard in Resources */,
				0A1712C42880E831007B1EFA /* Transition.storyboard in Resources */,
				0A1712C12880327E007B1EFA /* Search.storyboard in Resources */,
			);
			runOnlyForDeploymentPostprocessing = 0;
		};
/* End PBXResourcesBuildPhase section */

/* Begin PBXSourcesBuildPhase section */
		0A2B1F84287EDCD200A71785 /* Sources */ = {
			isa = PBXSourcesBuildPhase;
			buildActionMask = 2147483647;
			files = (
				0A1712B9287FC2D0007B1EFA /* SearchViewController.swift in Sources */,
				0A2B1FA0287EEA6300A71785 /* AnniversaryCalculatorViewController.swift in Sources */,
				0A1712C62880EFC0007B1EFA /* TransitionFirstViewController.swift in Sources */,
				0A2B1F90287EDCD200A71785 /* ViewController.swift in Sources */,
				0A2B1F8C287EDCD200A71785 /* AppDelegate.swift in Sources */,
				0A1712C82880FDFA007B1EFA /* TransitionSecondViewController.swift in Sources */,
				0A2B1F8E287EDCD200A71785 /* SceneDelegate.swift in Sources */,
				0ACB6FDA2881BEB700FD4E84 /* LeftMenuNavigationController.swift in Sources */,
			);
			runOnlyForDeploymentPostprocessing = 0;
		};
/* End PBXSourcesBuildPhase section */

/* Begin PBXVariantGroup section */
		0A2B1F91287EDCD200A71785 /* Main.storyboard */ = {
			isa = PBXVariantGroup;
			children = (
				0A2B1F92287EDCD200A71785 /* Base */,
			);
			name = Main.storyboard;
			sourceTree = "<group>";
		};
		0A2B1F96287EDCD600A71785 /* LaunchScreen.storyboard */ = {
			isa = PBXVariantGroup;
			children = (
				0A2B1F97287EDCD600A71785 /* Base */,
			);
			name = LaunchScreen.storyboard;
			sourceTree = "<group>";
		};
/* End PBXVariantGroup section */

/* Begin XCBuildConfiguration section */
		0A2B1F9A287EDCD600A71785 /* Debug */ = {
			isa = XCBuildConfiguration;
			buildSettings = {
				ALWAYS_SEARCH_USER_PATHS = NO;
				CLANG_ANALYZER_NONNULL = YES;
				CLANG_ANALYZER_NUMBER_OBJECT_CONVERSION = YES_AGGRESSIVE;
				CLANG_CXX_LANGUAGE_STANDARD = "gnu++17";
				CLANG_ENABLE_MODULES = YES;
				CLANG_ENABLE_OBJC_ARC = YES;
				CLANG_ENABLE_OBJC_WEAK = YES;
				CLANG_WARN_BLOCK_CAPTURE_AUTORELEASING = YES;
				CLANG_WARN_BOOL_CONVERSION = YES;
				CLANG_WARN_COMMA = YES;
				CLANG_WARN_CONSTANT_CONVERSION = YES;
				CLANG_WARN_DEPRECATED_OBJC_IMPLEMENTATIONS = YES;
				CLANG_WARN_DIRECT_OBJC_ISA_USAGE = YES_ERROR;
				CLANG_WARN_DOCUMENTATION_COMMENTS = YES;
				CLANG_WARN_EMPTY_BODY = YES;
				CLANG_WARN_ENUM_CONVERSION = YES;
				CLANG_WARN_INFINITE_RECURSION = YES;
				CLANG_WARN_INT_CONVERSION = YES;
				CLANG_WARN_NON_LITERAL_NULL_CONVERSION = YES;
				CLANG_WARN_OBJC_IMPLICIT_RETAIN_SELF = YES;
				CLANG_WARN_OBJC_LITERAL_CONVERSION = YES;
				CLANG_WARN_OBJC_ROOT_CLASS = YES_ERROR;
				CLANG_WARN_QUOTED_INCLUDE_IN_FRAMEWORK_HEADER = YES;
				CLANG_WARN_RANGE_LOOP_ANALYSIS = YES;
				CLANG_WARN_STRICT_PROTOTYPES = YES;
				CLANG_WARN_SUSPICIOUS_MOVE = YES;
				CLANG_WARN_UNGUARDED_AVAILABILITY = YES_AGGRESSIVE;
				CLANG_WARN_UNREACHABLE_CODE = YES;
				CLANG_WARN__DUPLICATE_METHOD_MATCH = YES;
				COPY_PHASE_STRIP = NO;
				DEBUG_INFORMATION_FORMAT = dwarf;
				ENABLE_STRICT_OBJC_MSGSEND = YES;
				ENABLE_TESTABILITY = YES;
				GCC_C_LANGUAGE_STANDARD = gnu11;
				GCC_DYNAMIC_NO_PIC = NO;
				GCC_NO_COMMON_BLOCKS = YES;
				GCC_OPTIMIZATION_LEVEL = 0;
				GCC_PREPROCESSOR_DEFINITIONS = (
					"DEBUG=1",
					"$(inherited)",
				);
				GCC_WARN_64_TO_32_BIT_CONVERSION = YES;
				GCC_WARN_ABOUT_RETURN_TYPE = YES_ERROR;
				GCC_WARN_UNDECLARED_SELECTOR = YES;
				GCC_WARN_UNINITIALIZED_AUTOS = YES_AGGRESSIVE;
				GCC_WARN_UNUSED_FUNCTION = YES;
				GCC_WARN_UNUSED_VARIABLE = YES;
				IPHONEOS_DEPLOYMENT_TARGET = 15.5;
				MTL_ENABLE_DEBUG_INFO = INCLUDE_SOURCE;
				MTL_FAST_MATH = YES;
				ONLY_ACTIVE_ARCH = YES;
				SDKROOT = iphoneos;
				SWIFT_ACTIVE_COMPILATION_CONDITIONS = DEBUG;
				SWIFT_OPTIMIZATION_LEVEL = "-Onone";
			};
			name = Debug;
		};
		0A2B1F9B287EDCD600A71785 /* Release */ = {
			isa = XCBuildConfiguration;
			buildSettings = {
				ALWAYS_SEARCH_USER_PATHS = NO;
				CLANG_ANALYZER_NONNULL = YES;
				CLANG_ANALYZER_NUMBER_OBJECT_CONVERSION = YES_AGGRESSIVE;
				CLANG_CXX_LANGUAGE_STANDARD = "gnu++17";
				CLANG_ENABLE_MODULES = YES;
				CLANG_ENABLE_OBJC_ARC = YES;
				CLANG_ENABLE_OBJC_WEAK = YES;
				CLANG_WARN_BLOCK_CAPTURE_AUTORELEASING = YES;
				CLANG_WARN_BOOL_CONVERSION = YES;
				CLANG_WARN_COMMA = YES;
				CLANG_WARN_CONSTANT_CONVERSION = YES;
				CLANG_WARN_DEPRECATED_OBJC_IMPLEMENTATIONS = YES;
				CLANG_WARN_DIRECT_OBJC_ISA_USAGE = YES_ERROR;
				CLANG_WARN_DOCUMENTATION_COMMENTS = YES;
				CLANG_WARN_EMPTY_BODY = YES;
				CLANG_WARN_ENUM_CONVERSION = YES;
				CLANG_WARN_INFINITE_RECURSION = YES;
				CLANG_WARN_INT_CONVERSION = YES;
				CLANG_WARN_NON_LITERAL_NULL_CONVERSION = YES;
				CLANG_WARN_OBJC_IMPLICIT_RETAIN_SELF = YES;
				CLANG_WARN_OBJC_LITERAL_CONVERSION = YES;
				CLANG_WARN_OBJC_ROOT_CLASS = YES_ERROR;
				CLANG_WARN_QUOTED_INCLUDE_IN_FRAMEWORK_HEADER = YES;
				CLANG_WARN_RANGE_LOOP_ANALYSIS = YES;
				CLANG_WARN_STRICT_PROTOTYPES = YES;
				CLANG_WARN_SUSPICIOUS_MOVE = YES;
				CLANG_WARN_UNGUARDED_AVAILABILITY = YES_AGGRESSIVE;
				CLANG_WARN_UNREACHABLE_CODE = YES;
				CLANG_WARN__DUPLICATE_METHOD_MATCH = YES;
				COPY_PHASE_STRIP = NO;
				DEBUG_INFORMATION_FORMAT = "dwarf-with-dsym";
				ENABLE_NS_ASSERTIONS = NO;
				ENABLE_STRICT_OBJC_MSGSEND = YES;
				GCC_C_LANGUAGE_STANDARD = gnu11;
				GCC_NO_COMMON_BLOCKS = YES;
				GCC_WARN_64_TO_32_BIT_CONVERSION = YES;
				GCC_WARN_ABOUT_RETURN_TYPE = YES_ERROR;
				GCC_WARN_UNDECLARED_SELECTOR = YES;
				GCC_WARN_UNINITIALIZED_AUTOS = YES_AGGRESSIVE;
				GCC_WARN_UNUSED_FUNCTION = YES;
				GCC_WARN_UNUSED_VARIABLE = YES;
				IPHONEOS_DEPLOYMENT_TARGET = 15.5;
				MTL_ENABLE_DEBUG_INFO = NO;
				MTL_FAST_MATH = YES;
				SDKROOT = iphoneos;
				SWIFT_COMPILATION_MODE = wholemodule;
				SWIFT_OPTIMIZATION_LEVEL = "-O";
				VALIDATE_PRODUCT = YES;
			};
			name = Release;
		};
		0A2B1F9D287EDCD600A71785 /* Debug */ = {
			isa = XCBuildConfiguration;
			buildSettings = {
				ASSETCATALOG_COMPILER_APPICON_NAME = AppIcon;
				ASSETCATALOG_COMPILER_GLOBAL_ACCENT_COLOR_NAME = AccentColor;
				CODE_SIGN_STYLE = Automatic;
				CURRENT_PROJECT_VERSION = 1;
				DEVELOPMENT_TEAM = JZ9V99JF7T;
				GENERATE_INFOPLIST_FILE = YES;
				INFOPLIST_FILE = AnniversaryCalculator/Info.plist;
				INFOPLIST_KEY_UIApplicationSupportsIndirectInputEvents = YES;
				INFOPLIST_KEY_UILaunchStoryboardName = LaunchScreen;
				INFOPLIST_KEY_UIMainStoryboardFile = Main;
				INFOPLIST_KEY_UISupportedInterfaceOrientations_iPad = "UIInterfaceOrientationPortrait UIInterfaceOrientationPortraitUpsideDown UIInterfaceOrientationLandscapeLeft UIInterfaceOrientationLandscapeRight";
				INFOPLIST_KEY_UISupportedInterfaceOrientations_iPhone = "UIInterfaceOrientationPortrait UIInterfaceOrientationLandscapeLeft UIInterfaceOrientationLandscapeRight";
				IPHONEOS_DEPLOYMENT_TARGET = 13.0;
				LD_RUNPATH_SEARCH_PATHS = (
					"$(inherited)",
					"@executable_path/Frameworks",
				);
				MARKETING_VERSION = 1.0;
				PRODUCT_BUNDLE_IDENTIFIER = com.sani.AnniversaryCalculator;
				PRODUCT_NAME = "$(TARGET_NAME)";
				SWIFT_EMIT_LOC_STRINGS = YES;
				SWIFT_VERSION = 5.0;
				TARGETED_DEVICE_FAMILY = "1,2";
			};
			name = Debug;
		};
		0A2B1F9E287EDCD600A71785 /* Release */ = {
			isa = XCBuildConfiguration;
			buildSettings = {
				ASSETCATALOG_COMPILER_APPICON_NAME = AppIcon;
				ASSETCATALOG_COMPILER_GLOBAL_ACCENT_COLOR_NAME = AccentColor;
				CODE_SIGN_STYLE = Automatic;
				CURRENT_PROJECT_VERSION = 1;
				DEVELOPMENT_TEAM = JZ9V99JF7T;
				GENERATE_INFOPLIST_FILE = YES;
				INFOPLIST_FILE = AnniversaryCalculator/Info.plist;
				INFOPLIST_KEY_UIApplicationSupportsIndirectInputEvents = YES;
				INFOPLIST_KEY_UILaunchStoryboardName = LaunchScreen;
				INFOPLIST_KEY_UIMainStoryboardFile = Main;
				INFOPLIST_KEY_UISupportedInterfaceOrientations_iPad = "UIInterfaceOrientationPortrait UIInterfaceOrientationPortraitUpsideDown UIInterfaceOrientationLandscapeLeft UIInterfaceOrientationLandscapeRight";
				INFOPLIST_KEY_UISupportedInterfaceOrientations_iPhone = "UIInterfaceOrientationPortrait UIInterfaceOrientationLandscapeLeft UIInterfaceOrientationLandscapeRight";
				IPHONEOS_DEPLOYMENT_TARGET = 13.0;
				LD_RUNPATH_SEARCH_PATHS = (
					"$(inherited)",
					"@executable_path/Frameworks",
				);
				MARKETING_VERSION = 1.0;
				PRODUCT_BUNDLE_IDENTIFIER = com.sani.AnniversaryCalculator;
				PRODUCT_NAME = "$(TARGET_NAME)";
				SWIFT_EMIT_LOC_STRINGS = YES;
				SWIFT_VERSION = 5.0;
				TARGETED_DEVICE_FAMILY = "1,2";
			};
			name = Release;
		};
/* End XCBuildConfiguration section */

/* Begin XCConfigurationList section */
		0A2B1F83287EDCD200A71785 /* Build configuration list for PBXProject "AnniversaryCalculator" */ = {
			isa = XCConfigurationList;
			buildConfigurations = (
				0A2B1F9A287EDCD600A71785 /* Debug */,
				0A2B1F9B287EDCD600A71785 /* Release */,
			);
			defaultConfigurationIsVisible = 0;
			defaultConfigurationName = Release;
		};
		0A2B1F9C287EDCD600A71785 /* Build configuration list for PBXNativeTarget "AnniversaryCalculator" */ = {
			isa = XCConfigurationList;
			buildConfigurations = (
				0A2B1F9D287EDCD600A71785 /* Debug */,
				0A2B1F9E287EDCD600A71785 /* Release */,
			);
			defaultConfigurationIsVisible = 0;
			defaultConfigurationName = Release;
		};
/* End XCConfigurationList section */

/* Begin XCRemoteSwiftPackageReference section */
		0A1712AA287FAEE3007B1EFA /* XCRemoteSwiftPackageReference "SideMenu" */ = {
			isa = XCRemoteSwiftPackageReference;
			repositoryURL = "https://github.com/jonkykong/SideMenu.git";
			requirement = {
				kind = upToNextMajorVersion;
				minimumVersion = 6.0.0;
			};
		};
		0A1712B0287FAFCD007B1EFA /* XCRemoteSwiftPackageReference "TextFieldEffects" */ = {
			isa = XCRemoteSwiftPackageReference;
			repositoryURL = "https://github.com/raulriera/TextFieldEffects.git";
			requirement = {
				kind = upToNextMajorVersion;
				minimumVersion = 1.0.0;
			};
		};
		0A1712B5287FBE42007B1EFA /* XCRemoteSwiftPackageReference "IQKeyboardManager" */ = {
			isa = XCRemoteSwiftPackageReference;
			repositoryURL = "https://github.com/hackiftekhar/IQKeyboardManager.git";
			requirement = {
				kind = exactVersion;
				version = 6.5.0;
			};
		};
		0A1712BD287FCF0B007B1EFA /* XCRemoteSwiftPackageReference "FSCalendar" */ = {
			isa = XCRemoteSwiftPackageReference;
			repositoryURL = "https://github.com/WenchaoD/FSCalendar.git";
			requirement = {
				kind = upToNextMajorVersion;
				minimumVersion = 2.8.0;
			};
		};
/* End XCRemoteSwiftPackageReference section */

/* Begin XCSwiftPackageProductDependency section */
		0A1712AB287FAEE3007B1EFA /* SideMenu */ = {
			isa = XCSwiftPackageProductDependency;
			package = 0A1712AA287FAEE3007B1EFA /* XCRemoteSwiftPackageReference "SideMenu" */;
			productName = SideMenu;
		};
		0A1712B1287FAFCD007B1EFA /* TextFieldEffects */ = {
			isa = XCSwiftPackageProductDependency;
			package = 0A1712B0287FAFCD007B1EFA /* XCRemoteSwiftPackageReference "TextFieldEffects" */;
			productName = TextFieldEffects;
		};
		0A1712B6287FBE42007B1EFA /* IQKeyboardManagerSwift */ = {
			isa = XCSwiftPackageProductDependency;
			package = 0A1712B5287FBE42007B1EFA /* XCRemoteSwiftPackageReference "IQKeyboardManager" */;
			productName = IQKeyboardManagerSwift;
		};
		0A1712BE287FCF0B007B1EFA /* FSCalendar */ = {
			isa = XCSwiftPackageProductDependency;
			package = 0A1712BD287FCF0B007B1EFA /* XCRemoteSwiftPackageReference "FSCalendar" */;
			productName = FSCalendar;
		};
/* End XCSwiftPackageProductDependency section */
	};
	rootObject = 0A2B1F80287EDCD200A71785 /* Project object */;
}
